
Microsoft Visual Studio Solution File, Format Version 12.00
# Visual Studio Version 17
VisualStudioVersion = 17.2.32630.192
MinimumVisualStudioVersion = 10.0.40219.1
Project("{9A19103F-16F7-4668-BE54-9A1E7A4F7556}") = "R5T.Z0045.Construction", "R5T.Z0045.Construction\R5T.Z0045.Construction.csproj", "{08DF02DC-492D-4411-BDAE-ABAC28110E79}"
EndProject
Project("{9A19103F-16F7-4668-BE54-9A1E7A4F7556}") = "R5T.Z0045", "R5T.Z0045\R5T.Z0045.csproj", "{38FA054B-821E-4A74-B501-FA55A50A6117}"
EndProject
Project("{2150E333-8FDC-42A3-9474-1A3956D46DE8}") = "_Dependencies", "_Dependencies", "{73B00A05-9D72-43D8-AF9B-9F88D0C43C88}"
EndProject
Project("{9A19103F-16F7-4668-BE54-9A1E7A4F7556}") = "R5T.T0132", "..\..\R5T.T0132\source\R5T.T0132\R5T.T0132.csproj", "{015B2698-DC54-48D3-B7AB-EF5757B69645}"
EndProject
Project("{9A19103F-16F7-4668-BE54-9A1E7A4F7556}") = "R5T.T0142", "..\..\R5T.T0142\source\R5T.T0142\R5T.T0142.csproj", "{0CE35DCB-66A0-45CF-94F8-FC14EDB14AD7}"
EndProject
Project("{9A19103F-16F7-4668-BE54-9A1E7A4F7556}") = "R5T.T0143", "..\..\R5T.T0143\source\R5T.T0143\R5T.T0143.csproj", "{60522F77-4AAF-4843-BF90-31E6CBEC05A9}"
EndProject
Project("{9A19103F-16F7-4668-BE54-9A1E7A4F7556}") = "R5T.T0150", "..\..\R5T.T0150\source\R5T.T0150\R5T.T0150.csproj", "{ECE8AE8A-4A9D-4480-8A66-4DAF34305266}"
EndProject
Project("{9A19103F-16F7-4668-BE54-9A1E7A4F7556}") = "R5T.T0151", "..\..\R5T.T0151\source\R5T.T0151\R5T.T0151.csproj", "{D23A1759-742D-4C4A-BD65-4872381B5345}"
EndProject
Project("{9A19103F-16F7-4668-BE54-9A1E7A4F7556}") = "R5T.T0172", "..\..\R5T.T0172\source\R5T.T0172\R5T.T0172.csproj", "{8E046409-6F3E-480D-A84F-82D715964FCE}"
EndProject
Project("{9A19103F-16F7-4668-BE54-9A1E7A4F7556}") = "R5T.T0178", "..\..\R5T.T0178\source\R5T.T0178\R5T.T0178.csproj", "{A673ED2A-16D9-44D7-AFB6-7A9CC893DEB9}"
EndProject
Project("{9A19103F-16F7-4668-BE54-9A1E7A4F7556}") = "R5T.T0179", "..\..\R5T.T0179\source\R5T.T0179\R5T.T0179.csproj", "{D6F1E704-5ED6-43B4-AB75-933AA6CA2FA2}"
EndProject
Project("{9A19103F-16F7-4668-BE54-9A1E7A4F7556}") = "R5T.T0180", "..\..\R5T.T0180\source\R5T.T0180\R5T.T0180.csproj", "{B14914FD-066F-40EF-8968-EA7CEB0BDA9C}"
EndProject
Project("{9A19103F-16F7-4668-BE54-9A1E7A4F7556}") = "R5T.T0181", "..\..\R5T.T0181\source\R5T.T0181\R5T.T0181.csproj", "{D6B4CF8D-0489-451B-9170-447D88269B80}"
EndProject
Project("{9A19103F-16F7-4668-BE54-9A1E7A4F7556}") = "R5T.T0195", "..\..\R5T.T0195\source\R5T.T0195\R5T.T0195.csproj", "{A0D0F267-0A53-436C-86F1-7103DCA3E089}"
EndProject
Project("{9A19103F-16F7-4668-BE54-9A1E7A4F7556}") = "R5T.T0131", "..\..\R5T.T0131\source\R5T.T0131\R5T.T0131.csproj", "{D961E12F-4937-4591-9DCF-9474FBC1AAB7}"
EndProject
Global
	GlobalSection(NestedProjects) = preSolution
		{015B2698-DC54-48D3-B7AB-EF5757B69645} = {73B00A05-9D72-43D8-AF9B-9F88D0C43C88}
		{0CE35DCB-66A0-45CF-94F8-FC14EDB14AD7} = {73B00A05-9D72-43D8-AF9B-9F88D0C43C88}
		{60522F77-4AAF-4843-BF90-31E6CBEC05A9} = {73B00A05-9D72-43D8-AF9B-9F88D0C43C88}
		{ECE8AE8A-4A9D-4480-8A66-4DAF34305266} = {73B00A05-9D72-43D8-AF9B-9F88D0C43C88}
		{D23A1759-742D-4C4A-BD65-4872381B5345} = {73B00A05-9D72-43D8-AF9B-9F88D0C43C88}
		{8E046409-6F3E-480D-A84F-82D715964FCE} = {73B00A05-9D72-43D8-AF9B-9F88D0C43C88}
		{A673ED2A-16D9-44D7-AFB6-7A9CC893DEB9} = {73B00A05-9D72-43D8-AF9B-9F88D0C43C88}
		{D6F1E704-5ED6-43B4-AB75-933AA6CA2FA2} = {73B00A05-9D72-43D8-AF9B-9F88D0C43C88}
		{B14914FD-066F-40EF-8968-EA7CEB0BDA9C} = {73B00A05-9D72-43D8-AF9B-9F88D0C43C88}
		{D6B4CF8D-0489-451B-9170-447D88269B80} = {73B00A05-9D72-43D8-AF9B-9F88D0C43C88}
		{A0D0F267-0A53-436C-86F1-7103DCA3E089} = {73B00A05-9D72-43D8-AF9B-9F88D0C43C88}
		{D961E12F-4937-4591-9DCF-9474FBC1AAB7} = {73B00A05-9D72-43D8-AF9B-9F88D0C43C88}
	EndGlobalSection
	GlobalSection(SolutionConfigurationPlatforms) = preSolution
		Debug|Any CPU = Debug|Any CPU
		Release|Any CPU = Release|Any CPU
	EndGlobalSection
	GlobalSection(ProjectConfigurationPlatforms) = postSolution
		{08DF02DC-492D-4411-BDAE-ABAC28110E79}.Debug|Any CPU.ActiveCfg = Debug|Any CPU
		{08DF02DC-492D-4411-BDAE-ABAC28110E79}.Debug|Any CPU.Build.0 = Debug|Any CPU
		{08DF02DC-492D-4411-BDAE-ABAC28110E79}.Release|Any CPU.ActiveCfg = Release|Any CPU
		{08DF02DC-492D-4411-BDAE-ABAC28110E79}.Release|Any CPU.Build.0 = Release|Any CPU
		{38FA054B-821E-4A74-B501-FA55A50A6117}.Debug|Any CPU.ActiveCfg = Debug|Any CPU
		{38FA054B-821E-4A74-B501-FA55A50A6117}.Debug|Any CPU.Build.0 = Debug|Any CPU
		{38FA054B-821E-4A74-B501-FA55A50A6117}.Release|Any CPU.ActiveCfg = Release|Any CPU
		{38FA054B-821E-4A74-B501-FA55A50A6117}.Release|Any CPU.Build.0 = Release|Any CPU
		{015B2698-DC54-48D3-B7AB-EF5757B69645}.Debug|Any CPU.ActiveCfg = Debug|Any CPU
		{015B2698-DC54-48D3-B7AB-EF5757B69645}.Debug|Any CPU.Build.0 = Debug|Any CPU
		{015B2698-DC54-48D3-B7AB-EF5757B69645}.Release|Any CPU.ActiveCfg = Release|Any CPU
		{015B2698-DC54-48D3-B7AB-EF5757B69645}.Release|Any CPU.Build.0 = Release|Any CPU
		{0CE35DCB-66A0-45CF-94F8-FC14EDB14AD7}.Debug|Any CPU.ActiveCfg = Debug|Any CPU
		{0CE35DCB-66A0-45CF-94F8-FC14EDB14AD7}.Debug|Any CPU.Build.0 = Debug|Any CPU
		{0CE35DCB-66A0-45CF-94F8-FC14EDB14AD7}.Release|Any CPU.ActiveCfg = Release|Any CPU
		{0CE35DCB-66A0-45CF-94F8-FC14EDB14AD7}.Release|Any CPU.Build.0 = Release|Any CPU
		{60522F77-4AAF-4843-BF90-31E6CBEC05A9}.Debug|Any CPU.ActiveCfg = Debug|Any CPU
		{60522F77-4AAF-4843-BF90-31E6CBEC05A9}.Debug|Any CPU.Build.0 = Debug|Any CPU
		{60522F77-4AAF-4843-BF90-31E6CBEC05A9}.Release|Any CPU.ActiveCfg = Release|Any CPU
		{60522F77-4AAF-4843-BF90-31E6CBEC05A9}.Release|Any CPU.Build.0 = Release|Any CPU
		{ECE8AE8A-4A9D-4480-8A66-4DAF34305266}.Debug|Any CPU.ActiveCfg = Debug|Any CPU
		{ECE8AE8A-4A9D-4480-8A66-4DAF34305266}.Debug|Any CPU.Build.0 = Debug|Any CPU
		{ECE8AE8A-4A9D-4480-8A66-4DAF34305266}.Release|Any CPU.ActiveCfg = Release|Any CPU
		{ECE8AE8A-4A9D-4480-8A66-4DAF34305266}.Release|Any CPU.Build.0 = Release|Any CPU
		{D23A1759-742D-4C4A-BD65-4872381B5345}.Debug|Any CPU.ActiveCfg = Debug|Any CPU
		{D23A1759-742D-4C4A-BD65-4872381B5345}.Debug|Any CPU.Build.0 = Debug|Any CPU
		{D23A1759-742D-4C4A-BD65-4872381B5345}.Release|Any CPU.ActiveCfg = Release|Any CPU
		{D23A1759-742D-4C4A-BD65-4872381B5345}.Release|Any CPU.Build.0 = Release|Any CPU
		{8E046409-6F3E-480D-A84F-82D715964FCE}.Debug|Any CPU.ActiveCfg = Debug|Any CPU
		{8E046409-6F3E-480D-A84F-82D715964FCE}.Debug|Any CPU.Build.0 = Debug|Any CPU
		{8E046409-6F3E-480D-A84F-82D715964FCE}.Release|Any CPU.ActiveCfg = Release|Any CPU
		{8E046409-6F3E-480D-A84F-82D715964FCE}.Release|Any CPU.Build.0 = Release|Any CPU
		{A673ED2A-16D9-44D7-AFB6-7A9CC893DEB9}.Debug|Any CPU.ActiveCfg = Debug|Any CPU
		{A673ED2A-16D9-44D7-AFB6-7A9CC893DEB9}.Debug|Any CPU.Build.0 = Debug|Any CPU
		{A673ED2A-16D9-44D7-AFB6-7A9CC893DEB9}.Release|Any CPU.ActiveCfg = Release|Any CPU
		{A673ED2A-16D9-44D7-AFB6-7A9CC893DEB9}.Release|Any CPU.Build.0 = Release|Any CPU
		{D6F1E704-5ED6-43B4-AB75-933AA6CA2FA2}.Debug|Any CPU.ActiveCfg = Debug|Any CPU
		{D6F1E704-5ED6-43B4-AB75-933AA6CA2FA2}.Debug|Any CPU.Build.0 = Debug|Any CPU
		{D6F1E704-5ED6-43B4-AB75-933AA6CA2FA2}.Release|Any CPU.ActiveCfg = Release|Any CPU
		{D6F1E704-5ED6-43B4-AB75-933AA6CA2FA2}.Release|Any CPU.Build.0 = Release|Any CPU
		{B14914FD-066F-40EF-8968-EA7CEB0BDA9C}.Debug|Any CPU.ActiveCfg = Debug|Any CPU
		{B14914FD-066F-40EF-8968-EA7CEB0BDA9C}.Debug|Any CPU.Build.0 = Debug|Any CPU
		{B14914FD-066F-40EF-8968-EA7CEB0BDA9C}.Release|Any CPU.ActiveCfg = Release|Any CPU
		{B14914FD-066F-40EF-8968-EA7CEB0BDA9C}.Release|Any CPU.Build.0 = Release|Any CPU
		{D6B4CF8D-0489-451B-9170-447D88269B80}.Debug|Any CPU.ActiveCfg = Debug|Any CPU
		{D6B4CF8D-0489-451B-9170-447D88269B80}.Debug|Any CPU.Build.0 = Debug|Any CPU
		{D6B4CF8D-0489-451B-9170-447D88269B80}.Release|Any CPU.ActiveCfg = Release|Any CPU
		{D6B4CF8D-0489-451B-9170-447D88269B80}.Release|Any CPU.Build.0 = Release|Any CPU
		{A0D0F267-0A53-436C-86F1-7103DCA3E089}.Debug|Any CPU.ActiveCfg = Debug|Any CPU
		{A0D0F267-0A53-436C-86F1-7103DCA3E089}.Debug|Any CPU.Build.0 = Debug|Any CPU
		{A0D0F267-0A53-436C-86F1-7103DCA3E089}.Release|Any CPU.ActiveCfg = Release|Any CPU
		{A0D0F267-0A53-436C-86F1-7103DCA3E089}.Release|Any CPU.Build.0 = Release|Any CPU
		{D961E12F-4937-4591-9DCF-9474FBC1AAB7}.Debug|Any CPU.ActiveCfg = Debug|Any CPU
		{D961E12F-4937-4591-9DCF-9474FBC1AAB7}.Debug|Any CPU.Build.0 = Debug|Any CPU
		{D961E12F-4937-4591-9DCF-9474FBC1AAB7}.Release|Any CPU.ActiveCfg = Release|Any CPU
		{D961E12F-4937-4591-9DCF-9474FBC1AAB7}.Release|Any CPU.Build.0 = Release|Any CPU
	EndGlobalSection
	GlobalSection(SolutionProperties) = preSolution
		HideSolutionNode = FALSE
	EndGlobalSection
	GlobalSection(ExtensibilityGlobals) = postSolution
		SolutionGuid = {BCBD2EEC-F958-4B43-97FC-A1EEEB3CDAAA}
	EndGlobalSection
EndGlobal
