
Microsoft Visual Studio Solution File, Format Version 12.00
# Visual Studio Version 17
VisualStudioVersion = 17.2.32630.192
MinimumVisualStudioVersion = 10.0.40219.1
Project("{9A19103F-16F7-4668-BE54-9A1E7A4F7556}") = "R5T.Z0045", "R5T.Z0045\R5T.Z0045.csproj", "{F528C5A3-E6F7-47EF-A724-99014A05776F}"
EndProject
Project("{2150E333-8FDC-42A3-9474-1A3956D46DE8}") = "_Dependencies", "_Dependencies", "{930BB98A-BECE-45F3-9B41-17DF75057DEB}"
EndProject
Project("{9A19103F-16F7-4668-BE54-9A1E7A4F7556}") = "R5T.T0132", "..\..\R5T.T0132\source\R5T.T0132\R5T.T0132.csproj", "{E404DA8D-A3F9-45B6-8C05-BFC5774DE41A}"
EndProject
Project("{9A19103F-16F7-4668-BE54-9A1E7A4F7556}") = "R5T.T0142", "..\..\R5T.T0142\source\R5T.T0142\R5T.T0142.csproj", "{1549AC6F-0361-46D9-B6BA-A3BE34EE3769}"
EndProject
Project("{9A19103F-16F7-4668-BE54-9A1E7A4F7556}") = "R5T.T0143", "..\..\R5T.T0143\source\R5T.T0143\R5T.T0143.csproj", "{1D8B4504-34E2-41A9-AE05-7EC488319C9A}"
EndProject
Project("{9A19103F-16F7-4668-BE54-9A1E7A4F7556}") = "R5T.T0150", "..\..\R5T.T0150\source\R5T.T0150\R5T.T0150.csproj", "{10C26EC8-953C-4DA0-9D2E-FE4C65CB40E7}"
EndProject
Project("{9A19103F-16F7-4668-BE54-9A1E7A4F7556}") = "R5T.T0151", "..\..\R5T.T0151\source\R5T.T0151\R5T.T0151.csproj", "{EB421E5E-D3E5-452F-867A-42B32AF19E49}"
EndProject
Project("{9A19103F-16F7-4668-BE54-9A1E7A4F7556}") = "R5T.T0172", "..\..\R5T.T0172\source\R5T.T0172\R5T.T0172.csproj", "{49984AB3-98E5-4102-A038-4B7A1722F177}"
EndProject
Project("{9A19103F-16F7-4668-BE54-9A1E7A4F7556}") = "R5T.T0178", "..\..\R5T.T0178\source\R5T.T0178\R5T.T0178.csproj", "{E8C7EC3C-44A9-423A-A4A8-D43A52D006E1}"
EndProject
Project("{9A19103F-16F7-4668-BE54-9A1E7A4F7556}") = "R5T.T0179", "..\..\R5T.T0179\source\R5T.T0179\R5T.T0179.csproj", "{678D7C2D-C894-4AF6-8814-C1944A65F2A6}"
EndProject
Project("{9A19103F-16F7-4668-BE54-9A1E7A4F7556}") = "R5T.T0180", "..\..\R5T.T0180\source\R5T.T0180\R5T.T0180.csproj", "{39E35BAF-E2AB-4ED3-8ED9-C70F4A242B14}"
EndProject
Project("{9A19103F-16F7-4668-BE54-9A1E7A4F7556}") = "R5T.T0181", "..\..\R5T.T0181\source\R5T.T0181\R5T.T0181.csproj", "{C8F0894B-B6F5-4543-948C-C9166F7843B4}"
EndProject
Project("{9A19103F-16F7-4668-BE54-9A1E7A4F7556}") = "R5T.T0195", "..\..\R5T.T0195\source\R5T.T0195\R5T.T0195.csproj", "{FE8A71CA-95FA-402D-8FDF-2BE280043B53}"
EndProject
Project("{9A19103F-16F7-4668-BE54-9A1E7A4F7556}") = "R5T.T0131", "..\..\R5T.T0131\source\R5T.T0131\R5T.T0131.csproj", "{EDCD8605-38D5-477D-9EBD-25DDA5F3B667}"
EndProject
Global
	GlobalSection(NestedProjects) = preSolution
		{E404DA8D-A3F9-45B6-8C05-BFC5774DE41A} = {930BB98A-BECE-45F3-9B41-17DF75057DEB}
		{1549AC6F-0361-46D9-B6BA-A3BE34EE3769} = {930BB98A-BECE-45F3-9B41-17DF75057DEB}
		{1D8B4504-34E2-41A9-AE05-7EC488319C9A} = {930BB98A-BECE-45F3-9B41-17DF75057DEB}
		{10C26EC8-953C-4DA0-9D2E-FE4C65CB40E7} = {930BB98A-BECE-45F3-9B41-17DF75057DEB}
		{EB421E5E-D3E5-452F-867A-42B32AF19E49} = {930BB98A-BECE-45F3-9B41-17DF75057DEB}
		{49984AB3-98E5-4102-A038-4B7A1722F177} = {930BB98A-BECE-45F3-9B41-17DF75057DEB}
		{E8C7EC3C-44A9-423A-A4A8-D43A52D006E1} = {930BB98A-BECE-45F3-9B41-17DF75057DEB}
		{678D7C2D-C894-4AF6-8814-C1944A65F2A6} = {930BB98A-BECE-45F3-9B41-17DF75057DEB}
		{39E35BAF-E2AB-4ED3-8ED9-C70F4A242B14} = {930BB98A-BECE-45F3-9B41-17DF75057DEB}
		{C8F0894B-B6F5-4543-948C-C9166F7843B4} = {930BB98A-BECE-45F3-9B41-17DF75057DEB}
		{FE8A71CA-95FA-402D-8FDF-2BE280043B53} = {930BB98A-BECE-45F3-9B41-17DF75057DEB}
		{EDCD8605-38D5-477D-9EBD-25DDA5F3B667} = {930BB98A-BECE-45F3-9B41-17DF75057DEB}
	EndGlobalSection
	GlobalSection(SolutionConfigurationPlatforms) = preSolution
		Debug|Any CPU = Debug|Any CPU
		Release|Any CPU = Release|Any CPU
	EndGlobalSection
	GlobalSection(ProjectConfigurationPlatforms) = postSolution
		{F528C5A3-E6F7-47EF-A724-99014A05776F}.Debug|Any CPU.ActiveCfg = Debug|Any CPU
		{F528C5A3-E6F7-47EF-A724-99014A05776F}.Debug|Any CPU.Build.0 = Debug|Any CPU
		{F528C5A3-E6F7-47EF-A724-99014A05776F}.Release|Any CPU.ActiveCfg = Release|Any CPU
		{F528C5A3-E6F7-47EF-A724-99014A05776F}.Release|Any CPU.Build.0 = Release|Any CPU
		{E404DA8D-A3F9-45B6-8C05-BFC5774DE41A}.Debug|Any CPU.ActiveCfg = Debug|Any CPU
		{E404DA8D-A3F9-45B6-8C05-BFC5774DE41A}.Debug|Any CPU.Build.0 = Debug|Any CPU
		{E404DA8D-A3F9-45B6-8C05-BFC5774DE41A}.Release|Any CPU.ActiveCfg = Release|Any CPU
		{E404DA8D-A3F9-45B6-8C05-BFC5774DE41A}.Release|Any CPU.Build.0 = Release|Any CPU
		{1549AC6F-0361-46D9-B6BA-A3BE34EE3769}.Debug|Any CPU.ActiveCfg = Debug|Any CPU
		{1549AC6F-0361-46D9-B6BA-A3BE34EE3769}.Debug|Any CPU.Build.0 = Debug|Any CPU
		{1549AC6F-0361-46D9-B6BA-A3BE34EE3769}.Release|Any CPU.ActiveCfg = Release|Any CPU
		{1549AC6F-0361-46D9-B6BA-A3BE34EE3769}.Release|Any CPU.Build.0 = Release|Any CPU
		{1D8B4504-34E2-41A9-AE05-7EC488319C9A}.Debug|Any CPU.ActiveCfg = Debug|Any CPU
		{1D8B4504-34E2-41A9-AE05-7EC488319C9A}.Debug|Any CPU.Build.0 = Debug|Any CPU
		{1D8B4504-34E2-41A9-AE05-7EC488319C9A}.Release|Any CPU.ActiveCfg = Release|Any CPU
		{1D8B4504-34E2-41A9-AE05-7EC488319C9A}.Release|Any CPU.Build.0 = Release|Any CPU
		{10C26EC8-953C-4DA0-9D2E-FE4C65CB40E7}.Debug|Any CPU.ActiveCfg = Debug|Any CPU
		{10C26EC8-953C-4DA0-9D2E-FE4C65CB40E7}.Debug|Any CPU.Build.0 = Debug|Any CPU
		{10C26EC8-953C-4DA0-9D2E-FE4C65CB40E7}.Release|Any CPU.ActiveCfg = Release|Any CPU
		{10C26EC8-953C-4DA0-9D2E-FE4C65CB40E7}.Release|Any CPU.Build.0 = Release|Any CPU
		{EB421E5E-D3E5-452F-867A-42B32AF19E49}.Debug|Any CPU.ActiveCfg = Debug|Any CPU
		{EB421E5E-D3E5-452F-867A-42B32AF19E49}.Debug|Any CPU.Build.0 = Debug|Any CPU
		{EB421E5E-D3E5-452F-867A-42B32AF19E49}.Release|Any CPU.ActiveCfg = Release|Any CPU
		{EB421E5E-D3E5-452F-867A-42B32AF19E49}.Release|Any CPU.Build.0 = Release|Any CPU
		{49984AB3-98E5-4102-A038-4B7A1722F177}.Debug|Any CPU.ActiveCfg = Debug|Any CPU
		{49984AB3-98E5-4102-A038-4B7A1722F177}.Debug|Any CPU.Build.0 = Debug|Any CPU
		{49984AB3-98E5-4102-A038-4B7A1722F177}.Release|Any CPU.ActiveCfg = Release|Any CPU
		{49984AB3-98E5-4102-A038-4B7A1722F177}.Release|Any CPU.Build.0 = Release|Any CPU
		{E8C7EC3C-44A9-423A-A4A8-D43A52D006E1}.Debug|Any CPU.ActiveCfg = Debug|Any CPU
		{E8C7EC3C-44A9-423A-A4A8-D43A52D006E1}.Debug|Any CPU.Build.0 = Debug|Any CPU
		{E8C7EC3C-44A9-423A-A4A8-D43A52D006E1}.Release|Any CPU.ActiveCfg = Release|Any CPU
		{E8C7EC3C-44A9-423A-A4A8-D43A52D006E1}.Release|Any CPU.Build.0 = Release|Any CPU
		{678D7C2D-C894-4AF6-8814-C1944A65F2A6}.Debug|Any CPU.ActiveCfg = Debug|Any CPU
		{678D7C2D-C894-4AF6-8814-C1944A65F2A6}.Debug|Any CPU.Build.0 = Debug|Any CPU
		{678D7C2D-C894-4AF6-8814-C1944A65F2A6}.Release|Any CPU.ActiveCfg = Release|Any CPU
		{678D7C2D-C894-4AF6-8814-C1944A65F2A6}.Release|Any CPU.Build.0 = Release|Any CPU
		{39E35BAF-E2AB-4ED3-8ED9-C70F4A242B14}.Debug|Any CPU.ActiveCfg = Debug|Any CPU
		{39E35BAF-E2AB-4ED3-8ED9-C70F4A242B14}.Debug|Any CPU.Build.0 = Debug|Any CPU
		{39E35BAF-E2AB-4ED3-8ED9-C70F4A242B14}.Release|Any CPU.ActiveCfg = Release|Any CPU
		{39E35BAF-E2AB-4ED3-8ED9-C70F4A242B14}.Release|Any CPU.Build.0 = Release|Any CPU
		{C8F0894B-B6F5-4543-948C-C9166F7843B4}.Debug|Any CPU.ActiveCfg = Debug|Any CPU
		{C8F0894B-B6F5-4543-948C-C9166F7843B4}.Debug|Any CPU.Build.0 = Debug|Any CPU
		{C8F0894B-B6F5-4543-948C-C9166F7843B4}.Release|Any CPU.ActiveCfg = Release|Any CPU
		{C8F0894B-B6F5-4543-948C-C9166F7843B4}.Release|Any CPU.Build.0 = Release|Any CPU
		{FE8A71CA-95FA-402D-8FDF-2BE280043B53}.Debug|Any CPU.ActiveCfg = Debug|Any CPU
		{FE8A71CA-95FA-402D-8FDF-2BE280043B53}.Debug|Any CPU.Build.0 = Debug|Any CPU
		{FE8A71CA-95FA-402D-8FDF-2BE280043B53}.Release|Any CPU.ActiveCfg = Release|Any CPU
		{FE8A71CA-95FA-402D-8FDF-2BE280043B53}.Release|Any CPU.Build.0 = Release|Any CPU
		{EDCD8605-38D5-477D-9EBD-25DDA5F3B667}.Debug|Any CPU.ActiveCfg = Debug|Any CPU
		{EDCD8605-38D5-477D-9EBD-25DDA5F3B667}.Debug|Any CPU.Build.0 = Debug|Any CPU
		{EDCD8605-38D5-477D-9EBD-25DDA5F3B667}.Release|Any CPU.ActiveCfg = Release|Any CPU
		{EDCD8605-38D5-477D-9EBD-25DDA5F3B667}.Release|Any CPU.Build.0 = Release|Any CPU
	EndGlobalSection
	GlobalSection(SolutionProperties) = preSolution
		HideSolutionNode = FALSE
	EndGlobalSection
	GlobalSection(ExtensibilityGlobals) = postSolution
		SolutionGuid = {144A82A0-6974-412D-A0F4-5A95854427EE}
	EndGlobalSection
EndGlobal
