
Microsoft Visual Studio Solution File, Format Version 12.00
# Visual Studio Version 17
VisualStudioVersion = 17.2.32630.192
MinimumVisualStudioVersion = 10.0.40219.1
Project("{9A19103F-16F7-4668-BE54-9A1E7A4F7556}") = "R5T.Z0045", "R5T.Z0045\R5T.Z0045.csproj", "{F528C5A3-E6F7-47EF-A724-99014A05776F}"
EndProject
Global
	GlobalSection(SolutionConfigurationPlatforms) = preSolution
		Debug|Any CPU = Debug|Any CPU
		Release|Any CPU = Release|Any CPU
	EndGlobalSection
	GlobalSection(ProjectConfigurationPlatforms) = postSolution
		{F528C5A3-E6F7-47EF-A724-99014A05776F}.Debug|Any CPU.ActiveCfg = Debug|Any CPU
		{F528C5A3-E6F7-47EF-A724-99014A05776F}.Debug|Any CPU.Build.0 = Debug|Any CPU
		{F528C5A3-E6F7-47EF-A724-99014A05776F}.Release|Any CPU.ActiveCfg = Release|Any CPU
		{F528C5A3-E6F7-47EF-A724-99014A05776F}.Release|Any CPU.Build.0 = Release|Any CPU
	EndGlobalSection
	GlobalSection(SolutionProperties) = preSolution
		HideSolutionNode = FALSE
	EndGlobalSection
	GlobalSection(ExtensibilityGlobals) = postSolution
		SolutionGuid = {144A82A0-6974-412D-A0F4-5A95854427EE}
	EndGlobalSection
EndGlobal
